
Microsoft Visual Studio Solution File, Format Version 12.00
# Visual Studio 15
VisualStudioVersion = 15.0.28307.271
MinimumVisualStudioVersion = 10.0.40219.1
Project("{FAE04EC0-301F-11D3-BF4B-00C04F79EFBC}") = "LocalDashboard.Web", "LocalDashboard.Web\LocalDashboard.Web.csproj", "{04EAAFB9-1F16-45C7-86F4-2D459DFE8F82}"
EndProject
Project("{FAE04EC0-301F-11D3-BF4B-00C04F79EFBC}") = "LocalDashbord.UnitTests", "LocalDashbord.UnitTests\LocalDashbord.UnitTests.csproj", "{AD1FD827-688A-4A9B-B3AF-95955764B7B0}"
EndProject
Project("{FAE04EC0-301F-11D3-BF4B-00C04F79EFBC}") = "DashboardServices", "DashboardServices\DashboardServices.csproj", "{32161EA9-5D68-4130-A750-B1C1E86DC02C}"
EndProject
Project("{FAE04EC0-301F-11D3-BF4B-00C04F79EFBC}") = "Connectors.IpStack", "IpStackConnector\Connectors.IpStack.csproj", "{734515D2-3290-4846-8891-509CD83672BB}"
EndProject
Project("{FAE04EC0-301F-11D3-BF4B-00C04F79EFBC}") = "LocalDashboard.ConnectorTests", "LocalDashboard.ConnectorTests\LocalDashboard.ConnectorTests.csproj", "{99B9A221-0566-4A39-94A4-9A4B43480869}"
EndProject
Project("{FAE04EC0-301F-11D3-BF4B-00C04F79EFBC}") = "Connectors.OpenWeatherMap", "Connectors.OpenWeatherMap\Connectors.OpenWeatherMap.csproj", "{E8648AC0-15C4-49D2-8082-6C49400FE4EF}"
EndProject
Project("{FAE04EC0-301F-11D3-BF4B-00C04F79EFBC}") = "HelperClasses", "HelperClasses\HelperClasses.csproj", "{518A2471-15B5-4475-8715-C2ECD6EAE073}"
EndProject
Project("{FAE04EC0-301F-11D3-BF4B-00C04F79EFBC}") = "HelperClassesUnitTests", "HelperClassesUnitTests\HelperClassesUnitTests.csproj", "{D2C71FE5-E058-438D-8D41-1A9E5AF2A668}"
EndProject
Project("{FAE04EC0-301F-11D3-BF4B-00C04F79EFBC}") = "Connectors.TimeZoneDb", "Connectors.TimeZoneDb\Connectors.TimeZoneDb.csproj", "{37624543-8D68-4CB5-A765-D197321BB2EB}"
EndProject
Project("{FAE04EC0-301F-11D3-BF4B-00C04F79EFBC}") = "Connectors.NewsApiOrg", "Connectors.NewsApiOrg\Connectors.NewsApiOrg.csproj", "{2C8FBD31-087F-4682-8820-027E0F6C819E}"
EndProject
Global
	GlobalSection(SolutionConfigurationPlatforms) = preSolution
		Debug|Any CPU = Debug|Any CPU
		Release|Any CPU = Release|Any CPU
	EndGlobalSection
	GlobalSection(ProjectConfigurationPlatforms) = postSolution
		{04EAAFB9-1F16-45C7-86F4-2D459DFE8F82}.Debug|Any CPU.ActiveCfg = Debug|Any CPU
		{04EAAFB9-1F16-45C7-86F4-2D459DFE8F82}.Debug|Any CPU.Build.0 = Debug|Any CPU
		{04EAAFB9-1F16-45C7-86F4-2D459DFE8F82}.Release|Any CPU.ActiveCfg = Release|Any CPU
		{04EAAFB9-1F16-45C7-86F4-2D459DFE8F82}.Release|Any CPU.Build.0 = Release|Any CPU
		{AD1FD827-688A-4A9B-B3AF-95955764B7B0}.Debug|Any CPU.ActiveCfg = Debug|Any CPU
		{AD1FD827-688A-4A9B-B3AF-95955764B7B0}.Debug|Any CPU.Build.0 = Debug|Any CPU
		{AD1FD827-688A-4A9B-B3AF-95955764B7B0}.Release|Any CPU.ActiveCfg = Release|Any CPU
		{AD1FD827-688A-4A9B-B3AF-95955764B7B0}.Release|Any CPU.Build.0 = Release|Any CPU
		{32161EA9-5D68-4130-A750-B1C1E86DC02C}.Debug|Any CPU.ActiveCfg = Debug|Any CPU
		{32161EA9-5D68-4130-A750-B1C1E86DC02C}.Debug|Any CPU.Build.0 = Debug|Any CPU
		{32161EA9-5D68-4130-A750-B1C1E86DC02C}.Release|Any CPU.ActiveCfg = Release|Any CPU
		{32161EA9-5D68-4130-A750-B1C1E86DC02C}.Release|Any CPU.Build.0 = Release|Any CPU
		{734515D2-3290-4846-8891-509CD83672BB}.Debug|Any CPU.ActiveCfg = Debug|Any CPU
		{734515D2-3290-4846-8891-509CD83672BB}.Debug|Any CPU.Build.0 = Debug|Any CPU
		{734515D2-3290-4846-8891-509CD83672BB}.Release|Any CPU.ActiveCfg = Release|Any CPU
		{734515D2-3290-4846-8891-509CD83672BB}.Release|Any CPU.Build.0 = Release|Any CPU
		{99B9A221-0566-4A39-94A4-9A4B43480869}.Debug|Any CPU.ActiveCfg = Debug|Any CPU
		{99B9A221-0566-4A39-94A4-9A4B43480869}.Debug|Any CPU.Build.0 = Debug|Any CPU
		{99B9A221-0566-4A39-94A4-9A4B43480869}.Release|Any CPU.ActiveCfg = Release|Any CPU
		{99B9A221-0566-4A39-94A4-9A4B43480869}.Release|Any CPU.Build.0 = Release|Any CPU
		{E8648AC0-15C4-49D2-8082-6C49400FE4EF}.Debug|Any CPU.ActiveCfg = Debug|Any CPU
		{E8648AC0-15C4-49D2-8082-6C49400FE4EF}.Debug|Any CPU.Build.0 = Debug|Any CPU
		{E8648AC0-15C4-49D2-8082-6C49400FE4EF}.Release|Any CPU.ActiveCfg = Release|Any CPU
		{E8648AC0-15C4-49D2-8082-6C49400FE4EF}.Release|Any CPU.Build.0 = Release|Any CPU
		{518A2471-15B5-4475-8715-C2ECD6EAE073}.Debug|Any CPU.ActiveCfg = Debug|Any CPU
		{518A2471-15B5-4475-8715-C2ECD6EAE073}.Debug|Any CPU.Build.0 = Debug|Any CPU
		{518A2471-15B5-4475-8715-C2ECD6EAE073}.Release|Any CPU.ActiveCfg = Release|Any CPU
		{518A2471-15B5-4475-8715-C2ECD6EAE073}.Release|Any CPU.Build.0 = Release|Any CPU
		{D2C71FE5-E058-438D-8D41-1A9E5AF2A668}.Debug|Any CPU.ActiveCfg = Debug|Any CPU
		{D2C71FE5-E058-438D-8D41-1A9E5AF2A668}.Debug|Any CPU.Build.0 = Debug|Any CPU
		{D2C71FE5-E058-438D-8D41-1A9E5AF2A668}.Release|Any CPU.ActiveCfg = Release|Any CPU
		{D2C71FE5-E058-438D-8D41-1A9E5AF2A668}.Release|Any CPU.Build.0 = Release|Any CPU
		{37624543-8D68-4CB5-A765-D197321BB2EB}.Debug|Any CPU.ActiveCfg = Debug|Any CPU
		{37624543-8D68-4CB5-A765-D197321BB2EB}.Debug|Any CPU.Build.0 = Debug|Any CPU
		{37624543-8D68-4CB5-A765-D197321BB2EB}.Release|Any CPU.ActiveCfg = Release|Any CPU
		{37624543-8D68-4CB5-A765-D197321BB2EB}.Release|Any CPU.Build.0 = Release|Any CPU
		{2C8FBD31-087F-4682-8820-027E0F6C819E}.Debug|Any CPU.ActiveCfg = Debug|Any CPU
		{2C8FBD31-087F-4682-8820-027E0F6C819E}.Debug|Any CPU.Build.0 = Debug|Any CPU
		{2C8FBD31-087F-4682-8820-027E0F6C819E}.Release|Any CPU.ActiveCfg = Release|Any CPU
		{2C8FBD31-087F-4682-8820-027E0F6C819E}.Release|Any CPU.Build.0 = Release|Any CPU
	EndGlobalSection
	GlobalSection(SolutionProperties) = preSolution
		HideSolutionNode = FALSE
	EndGlobalSection
	GlobalSection(ExtensibilityGlobals) = postSolution
		SolutionGuid = {C3B32954-6E59-44E1-BDB3-6C278B5C8586}
	EndGlobalSection
EndGlobal
